
Microsoft Visual Studio Solution File, Format Version 12.00
# Visual Studio Version 17
VisualStudioVersion = 17.3.32811.315
MinimumVisualStudioVersion = 10.0.40219.1
Project("{FAE04EC0-301F-11D3-BF4B-00C04F79EFBC}") = "Kursova", "Kursova\Kursova.csproj", "{7C2FC30F-A0EF-4B24-9D79-29A0F0598E82}"
EndProject
Global
	GlobalSection(SolutionConfigurationPlatforms) = preSolution
		Debug|Any CPU = Debug|Any CPU
		Release|Any CPU = Release|Any CPU
	EndGlobalSection
	GlobalSection(ProjectConfigurationPlatforms) = postSolution
		{7C2FC30F-A0EF-4B24-9D79-29A0F0598E82}.Debug|Any CPU.ActiveCfg = Debug|Any CPU
		{7C2FC30F-A0EF-4B24-9D79-29A0F0598E82}.Debug|Any CPU.Build.0 = Debug|Any CPU
		{7C2FC30F-A0EF-4B24-9D79-29A0F0598E82}.Release|Any CPU.ActiveCfg = Release|Any CPU
		{7C2FC30F-A0EF-4B24-9D79-29A0F0598E82}.Release|Any CPU.Build.0 = Release|Any CPU
	EndGlobalSection
	GlobalSection(SolutionProperties) = preSolution
		HideSolutionNode = FALSE
	EndGlobalSection
	GlobalSection(ExtensibilityGlobals) = postSolution
		SolutionGuid = {AC8C26B2-2485-4E4F-9F90-DA3D5D720FB7}
	EndGlobalSection
EndGlobal
